
Microsoft Visual Studio Solution File, Format Version 12.00
# Visual Studio Version 17
VisualStudioVersion = 17.8.34408.163
MinimumVisualStudioVersion = 10.0.40219.1
Project("{2150E333-8FDC-42A3-9474-1A3956D46DE8}") = "API", "API", "{FF9170FE-DEF7-4793-BD60-38BCE17CC2D9}"
EndProject
Project("{2150E333-8FDC-42A3-9474-1A3956D46DE8}") = "Business", "Business", "{E2176390-CC1D-4AAA-A16B-C41962B91C3C}"
EndProject
Project("{2150E333-8FDC-42A3-9474-1A3956D46DE8}") = "Common", "Common", "{35CE0897-2D69-40D2-A9EB-F6E959E86534}"
EndProject
Project("{2150E333-8FDC-42A3-9474-1A3956D46DE8}") = "Resources", "Resources", "{E29E65F8-7817-4007-8813-788B865F9FBA}"
EndProject
Project("{FAE04EC0-301F-11D3-BF4B-00C04F79EFBC}") = "Book.Data", "Book.Data\Book.Data.csproj", "{D788EBC5-21BB-4FBD-9298-039B0CB87A7A}"
EndProject
Project("{FAE04EC0-301F-11D3-BF4B-00C04F79EFBC}") = "Book.Data.Contract", "Book.Data.Contract\Book.Data.Contract.csproj", "{AB2A1A45-9939-4DE2-BB37-17CC39C8D749}"
EndProject
Project("{FAE04EC0-301F-11D3-BF4B-00C04F79EFBC}") = "Book.Data.Repository", "Book.Data.Repository\Book.Data.Repository.csproj", "{8AB17772-D5F4-49CE-9FE9-B93D63486E53}"
EndProject
Project("{FAE04EC0-301F-11D3-BF4B-00C04F79EFBC}") = "Book.Business.Contract", "Book.Business.Contract\Book.Business.Contract.csproj", "{DD75E090-581D-48E5-842A-090A06F94817}"
EndProject
Project("{FAE04EC0-301F-11D3-BF4B-00C04F79EFBC}") = "Book.Business.Manager", "Book.Business.Manager\Book.Business.Manager.csproj", "{73EBFABF-D00D-44F6-875B-FBBD8FCD8FF5}"
EndProject
Project("{FAE04EC0-301F-11D3-BF4B-00C04F79EFBC}") = "Book.API", "Book.API\Book.API.csproj", "{4AC2FF57-95E9-47A3-8CC5-2005189462DC}"
EndProject
Project("{FAE04EC0-301F-11D3-BF4B-00C04F79EFBC}") = "Book.Common", "Book.Common\Book.Common.csproj", "{83118EF9-30B1-49E9-B995-C5F3EE5C469F}"
EndProject
Global
	GlobalSection(SolutionConfigurationPlatforms) = preSolution
		Debug|Any CPU = Debug|Any CPU
		Release|Any CPU = Release|Any CPU
	EndGlobalSection
	GlobalSection(ProjectConfigurationPlatforms) = postSolution
		{D788EBC5-21BB-4FBD-9298-039B0CB87A7A}.Debug|Any CPU.ActiveCfg = Debug|Any CPU
		{D788EBC5-21BB-4FBD-9298-039B0CB87A7A}.Debug|Any CPU.Build.0 = Debug|Any CPU
		{D788EBC5-21BB-4FBD-9298-039B0CB87A7A}.Release|Any CPU.ActiveCfg = Release|Any CPU
		{D788EBC5-21BB-4FBD-9298-039B0CB87A7A}.Release|Any CPU.Build.0 = Release|Any CPU
		{AB2A1A45-9939-4DE2-BB37-17CC39C8D749}.Debug|Any CPU.ActiveCfg = Debug|Any CPU
		{AB2A1A45-9939-4DE2-BB37-17CC39C8D749}.Debug|Any CPU.Build.0 = Debug|Any CPU
		{AB2A1A45-9939-4DE2-BB37-17CC39C8D749}.Release|Any CPU.ActiveCfg = Release|Any CPU
		{AB2A1A45-9939-4DE2-BB37-17CC39C8D749}.Release|Any CPU.Build.0 = Release|Any CPU
		{8AB17772-D5F4-49CE-9FE9-B93D63486E53}.Debug|Any CPU.ActiveCfg = Debug|Any CPU
		{8AB17772-D5F4-49CE-9FE9-B93D63486E53}.Debug|Any CPU.Build.0 = Debug|Any CPU
		{8AB17772-D5F4-49CE-9FE9-B93D63486E53}.Release|Any CPU.ActiveCfg = Release|Any CPU
		{8AB17772-D5F4-49CE-9FE9-B93D63486E53}.Release|Any CPU.Build.0 = Release|Any CPU
		{DD75E090-581D-48E5-842A-090A06F94817}.Debug|Any CPU.ActiveCfg = Debug|Any CPU
		{DD75E090-581D-48E5-842A-090A06F94817}.Debug|Any CPU.Build.0 = Debug|Any CPU
		{DD75E090-581D-48E5-842A-090A06F94817}.Release|Any CPU.ActiveCfg = Release|Any CPU
		{DD75E090-581D-48E5-842A-090A06F94817}.Release|Any CPU.Build.0 = Release|Any CPU
		{73EBFABF-D00D-44F6-875B-FBBD8FCD8FF5}.Debug|Any CPU.ActiveCfg = Debug|Any CPU
		{73EBFABF-D00D-44F6-875B-FBBD8FCD8FF5}.Debug|Any CPU.Build.0 = Debug|Any CPU
		{73EBFABF-D00D-44F6-875B-FBBD8FCD8FF5}.Release|Any CPU.ActiveCfg = Release|Any CPU
		{73EBFABF-D00D-44F6-875B-FBBD8FCD8FF5}.Release|Any CPU.Build.0 = Release|Any CPU
		{4AC2FF57-95E9-47A3-8CC5-2005189462DC}.Debug|Any CPU.ActiveCfg = Debug|Any CPU
		{4AC2FF57-95E9-47A3-8CC5-2005189462DC}.Debug|Any CPU.Build.0 = Debug|Any CPU
		{4AC2FF57-95E9-47A3-8CC5-2005189462DC}.Release|Any CPU.ActiveCfg = Release|Any CPU
		{4AC2FF57-95E9-47A3-8CC5-2005189462DC}.Release|Any CPU.Build.0 = Release|Any CPU
		{83118EF9-30B1-49E9-B995-C5F3EE5C469F}.Debug|Any CPU.ActiveCfg = Debug|Any CPU
		{83118EF9-30B1-49E9-B995-C5F3EE5C469F}.Debug|Any CPU.Build.0 = Debug|Any CPU
		{83118EF9-30B1-49E9-B995-C5F3EE5C469F}.Release|Any CPU.ActiveCfg = Release|Any CPU
		{83118EF9-30B1-49E9-B995-C5F3EE5C469F}.Release|Any CPU.Build.0 = Release|Any CPU
	EndGlobalSection
	GlobalSection(SolutionProperties) = preSolution
		HideSolutionNode = FALSE
	EndGlobalSection
	GlobalSection(NestedProjects) = preSolution
		{D788EBC5-21BB-4FBD-9298-039B0CB87A7A} = {E29E65F8-7817-4007-8813-788B865F9FBA}
		{AB2A1A45-9939-4DE2-BB37-17CC39C8D749} = {E29E65F8-7817-4007-8813-788B865F9FBA}
		{8AB17772-D5F4-49CE-9FE9-B93D63486E53} = {E29E65F8-7817-4007-8813-788B865F9FBA}
		{DD75E090-581D-48E5-842A-090A06F94817} = {E2176390-CC1D-4AAA-A16B-C41962B91C3C}
		{73EBFABF-D00D-44F6-875B-FBBD8FCD8FF5} = {E2176390-CC1D-4AAA-A16B-C41962B91C3C}
		{4AC2FF57-95E9-47A3-8CC5-2005189462DC} = {FF9170FE-DEF7-4793-BD60-38BCE17CC2D9}
		{83118EF9-30B1-49E9-B995-C5F3EE5C469F} = {35CE0897-2D69-40D2-A9EB-F6E959E86534}
	EndGlobalSection
	GlobalSection(ExtensibilityGlobals) = postSolution
		SolutionGuid = {1B841312-9D65-4649-8580-A623EE888725}
	EndGlobalSection
EndGlobal
